
Microsoft Visual Studio Solution File, Format Version 12.00
# Visual Studio Version 17
VisualStudioVersion = 17.11.35303.130
MinimumVisualStudioVersion = 10.0.40219.1
Project("{FAE04EC0-301F-11D3-BF4B-00C04F79EFBC}") = "Mastermind1taak", "Mastermind1taak\Mastermind1taak.csproj", "{B31B8ADE-2032-4503-90C5-4D938EB285FF}"
EndProject
Global
	GlobalSection(SolutionConfigurationPlatforms) = preSolution
		Debug|Any CPU = Debug|Any CPU
		Release|Any CPU = Release|Any CPU
	EndGlobalSection
	GlobalSection(ProjectConfigurationPlatforms) = postSolution
		{B31B8ADE-2032-4503-90C5-4D938EB285FF}.Debug|Any CPU.ActiveCfg = Debug|Any CPU
		{B31B8ADE-2032-4503-90C5-4D938EB285FF}.Debug|Any CPU.Build.0 = Debug|Any CPU
		{B31B8ADE-2032-4503-90C5-4D938EB285FF}.Release|Any CPU.ActiveCfg = Release|Any CPU
		{B31B8ADE-2032-4503-90C5-4D938EB285FF}.Release|Any CPU.Build.0 = Release|Any CPU
	EndGlobalSection
	GlobalSection(SolutionProperties) = preSolution
		HideSolutionNode = FALSE
	EndGlobalSection
	GlobalSection(ExtensibilityGlobals) = postSolution
		SolutionGuid = {3EE8F9E5-7F36-48A7-9619-9EABC1859D2A}
	EndGlobalSection
EndGlobal
